
Microsoft Visual Studio Solution File, Format Version 12.00
# Visual Studio Version 16
VisualStudioVersion = 16.0.30330.147
MinimumVisualStudioVersion = 10.0.40219.1
Project("{FAE04EC0-301F-11D3-BF4B-00C04F79EFBC}") = "FIT5032_W04_ModelFirst", "FIT5032_W04_ModelFirst.csproj", "{A57AA869-EF66-4C25-927B-4C4CA51FB153}"
EndProject
Global
	GlobalSection(SolutionConfigurationPlatforms) = preSolution
		Debug|Any CPU = Debug|Any CPU
		Release|Any CPU = Release|Any CPU
	EndGlobalSection
	GlobalSection(ProjectConfigurationPlatforms) = postSolution
		{A57AA869-EF66-4C25-927B-4C4CA51FB153}.Debug|Any CPU.ActiveCfg = Debug|Any CPU
		{A57AA869-EF66-4C25-927B-4C4CA51FB153}.Debug|Any CPU.Build.0 = Debug|Any CPU
		{A57AA869-EF66-4C25-927B-4C4CA51FB153}.Release|Any CPU.ActiveCfg = Release|Any CPU
		{A57AA869-EF66-4C25-927B-4C4CA51FB153}.Release|Any CPU.Build.0 = Release|Any CPU
	EndGlobalSection
	GlobalSection(SolutionProperties) = preSolution
		HideSolutionNode = FALSE
	EndGlobalSection
	GlobalSection(ExtensibilityGlobals) = postSolution
		SolutionGuid = {8466A7E9-EB89-4817-992D-328CFBEC8E84}
	EndGlobalSection
EndGlobal
